
Microsoft Visual Studio Solution File, Format Version 12.00
# Visual Studio Version 17
VisualStudioVersion = 17.5.002.0
MinimumVisualStudioVersion = 10.0.40219.1
Project("{9A19103F-16F7-4668-BE54-9A1E7A4F7556}") = "LogLevels", "LogLevels.csproj", "{F044DBD1-85B9-47B7-B418-42A83540C240}"
EndProject
Global
	GlobalSection(SolutionConfigurationPlatforms) = preSolution
		Debug|Any CPU = Debug|Any CPU
		Release|Any CPU = Release|Any CPU
	EndGlobalSection
	GlobalSection(ProjectConfigurationPlatforms) = postSolution
		{F044DBD1-85B9-47B7-B418-42A83540C240}.Debug|Any CPU.ActiveCfg = Debug|Any CPU
		{F044DBD1-85B9-47B7-B418-42A83540C240}.Debug|Any CPU.Build.0 = Debug|Any CPU
		{F044DBD1-85B9-47B7-B418-42A83540C240}.Release|Any CPU.ActiveCfg = Release|Any CPU
		{F044DBD1-85B9-47B7-B418-42A83540C240}.Release|Any CPU.Build.0 = Release|Any CPU
	EndGlobalSection
	GlobalSection(SolutionProperties) = preSolution
		HideSolutionNode = FALSE
	EndGlobalSection
	GlobalSection(ExtensibilityGlobals) = postSolution
		SolutionGuid = {5208E5A9-C73D-4F37-B1F3-772ADBBFF392}
	EndGlobalSection
EndGlobal
