
Microsoft Visual Studio Solution File, Format Version 12.00
# Visual Studio Version 17
VisualStudioVersion = 17.5.002.0
MinimumVisualStudioVersion = 10.0.40219.1
Project("{9A19103F-16F7-4668-BE54-9A1E7A4F7556}") = "CarsAssemble", "CarsAssemble.csproj", "{F9973BF0-9D2F-48E0-A9C2-26024A78A9EE}"
EndProject
Global
	GlobalSection(SolutionConfigurationPlatforms) = preSolution
		Debug|Any CPU = Debug|Any CPU
		Release|Any CPU = Release|Any CPU
	EndGlobalSection
	GlobalSection(ProjectConfigurationPlatforms) = postSolution
		{F9973BF0-9D2F-48E0-A9C2-26024A78A9EE}.Debug|Any CPU.ActiveCfg = Debug|Any CPU
		{F9973BF0-9D2F-48E0-A9C2-26024A78A9EE}.Debug|Any CPU.Build.0 = Debug|Any CPU
		{F9973BF0-9D2F-48E0-A9C2-26024A78A9EE}.Release|Any CPU.ActiveCfg = Release|Any CPU
		{F9973BF0-9D2F-48E0-A9C2-26024A78A9EE}.Release|Any CPU.Build.0 = Release|Any CPU
	EndGlobalSection
	GlobalSection(SolutionProperties) = preSolution
		HideSolutionNode = FALSE
	EndGlobalSection
	GlobalSection(ExtensibilityGlobals) = postSolution
		SolutionGuid = {FEB14DA6-5EC5-43BA-B88E-E15F360AAE47}
	EndGlobalSection
EndGlobal
